
Microsoft Visual Studio Solution File, Format Version 12.00
# Visual Studio Version 17
VisualStudioVersion = 17.1.32210.238
MinimumVisualStudioVersion = 15.0.26124.0
Project("{2150E333-8FDC-42A3-9474-1A3956D46DE8}") = "RepoNotes", "RepoNotes", "{CA588846-ED19-4936-959C-D6BA7B9C05F8}"
	ProjectSection(SolutionItems) = preProject
		..\.gitignore = ..\.gitignore
		RepoNotes\GlobalUsing.KX13.cs = RepoNotes\GlobalUsing.KX13.cs
		RepoNotes\_ViewImports.KX13.cshtml = RepoNotes\_ViewImports.KX13.cshtml
	EndProjectSection
EndProject
Project("{9A19103F-16F7-4668-BE54-9A1E7A4F7556}") = "Site.Models", "MVC\Site.Models\Site.Models.csproj", "{C327E680-D537-4F89-8174-390F365FC27B}"
EndProject
Project("{9A19103F-16F7-4668-BE54-9A1E7A4F7556}") = "Site.Library", "MVC\Site.Library\Site.Library.csproj", "{EFB2B7BF-5F6D-4539-9908-D4F6443A823C}"
EndProject
Project("{9A19103F-16F7-4668-BE54-9A1E7A4F7556}") = "XperienceModels", "XperienceModels\XperienceModels.csproj", "{F31D040E-E214-405B-B235-0A65C485205A}"
EndProject
Project("{9A19103F-16F7-4668-BE54-9A1E7A4F7556}") = "Site.Components", "MVC\Site.Components\Site.Components.csproj", "{920DB2DC-DDB2-45FD-8A02-0E0CCE94D4D8}"
EndProject
Project("{9A19103F-16F7-4668-BE54-9A1E7A4F7556}") = "Site.UniversalModels", "Site.UniversalModels\Site.UniversalModels.csproj", "{08FA1FB7-EAB9-4154-B75A-6F42CF1B8D82}"
EndProject
Project("{9A19103F-16F7-4668-BE54-9A1E7A4F7556}") = "MVC", "MVC\MVC\MVC.csproj", "{26370D58-3ECE-4D1F-9740-37AD65BB3598}"
EndProject
Project("{9A19103F-16F7-4668-BE54-9A1E7A4F7556}") = "XperienceAdmin", "Admin\XperienceAdmin\XperienceAdmin.csproj", "{A0334C0F-77B6-4137-8CD0-D919DC056D53}"
EndProject
Global
	GlobalSection(SolutionConfigurationPlatforms) = preSolution
		Debug|Any CPU = Debug|Any CPU
		Debug|x64 = Debug|x64
		Debug|x86 = Debug|x86
		Release|Any CPU = Release|Any CPU
		Release|x64 = Release|x64
		Release|x86 = Release|x86
	EndGlobalSection
	GlobalSection(ProjectConfigurationPlatforms) = postSolution
		{C327E680-D537-4F89-8174-390F365FC27B}.Debug|Any CPU.ActiveCfg = Debug|Any CPU
		{C327E680-D537-4F89-8174-390F365FC27B}.Debug|Any CPU.Build.0 = Debug|Any CPU
		{C327E680-D537-4F89-8174-390F365FC27B}.Debug|x64.ActiveCfg = Debug|Any CPU
		{C327E680-D537-4F89-8174-390F365FC27B}.Debug|x64.Build.0 = Debug|Any CPU
		{C327E680-D537-4F89-8174-390F365FC27B}.Debug|x86.ActiveCfg = Debug|Any CPU
		{C327E680-D537-4F89-8174-390F365FC27B}.Debug|x86.Build.0 = Debug|Any CPU
		{C327E680-D537-4F89-8174-390F365FC27B}.Release|Any CPU.ActiveCfg = Release|Any CPU
		{C327E680-D537-4F89-8174-390F365FC27B}.Release|Any CPU.Build.0 = Release|Any CPU
		{C327E680-D537-4F89-8174-390F365FC27B}.Release|x64.ActiveCfg = Release|Any CPU
		{C327E680-D537-4F89-8174-390F365FC27B}.Release|x64.Build.0 = Release|Any CPU
		{C327E680-D537-4F89-8174-390F365FC27B}.Release|x86.ActiveCfg = Release|Any CPU
		{C327E680-D537-4F89-8174-390F365FC27B}.Release|x86.Build.0 = Release|Any CPU
		{EFB2B7BF-5F6D-4539-9908-D4F6443A823C}.Debug|Any CPU.ActiveCfg = Debug|Any CPU
		{EFB2B7BF-5F6D-4539-9908-D4F6443A823C}.Debug|Any CPU.Build.0 = Debug|Any CPU
		{EFB2B7BF-5F6D-4539-9908-D4F6443A823C}.Debug|x64.ActiveCfg = Debug|Any CPU
		{EFB2B7BF-5F6D-4539-9908-D4F6443A823C}.Debug|x64.Build.0 = Debug|Any CPU
		{EFB2B7BF-5F6D-4539-9908-D4F6443A823C}.Debug|x86.ActiveCfg = Debug|Any CPU
		{EFB2B7BF-5F6D-4539-9908-D4F6443A823C}.Debug|x86.Build.0 = Debug|Any CPU
		{EFB2B7BF-5F6D-4539-9908-D4F6443A823C}.Release|Any CPU.ActiveCfg = Release|Any CPU
		{EFB2B7BF-5F6D-4539-9908-D4F6443A823C}.Release|Any CPU.Build.0 = Release|Any CPU
		{EFB2B7BF-5F6D-4539-9908-D4F6443A823C}.Release|x64.ActiveCfg = Release|Any CPU
		{EFB2B7BF-5F6D-4539-9908-D4F6443A823C}.Release|x64.Build.0 = Release|Any CPU
		{EFB2B7BF-5F6D-4539-9908-D4F6443A823C}.Release|x86.ActiveCfg = Release|Any CPU
		{EFB2B7BF-5F6D-4539-9908-D4F6443A823C}.Release|x86.Build.0 = Release|Any CPU
		{F31D040E-E214-405B-B235-0A65C485205A}.Debug|Any CPU.ActiveCfg = Debug|Any CPU
		{F31D040E-E214-405B-B235-0A65C485205A}.Debug|Any CPU.Build.0 = Debug|Any CPU
		{F31D040E-E214-405B-B235-0A65C485205A}.Debug|x64.ActiveCfg = Debug|Any CPU
		{F31D040E-E214-405B-B235-0A65C485205A}.Debug|x64.Build.0 = Debug|Any CPU
		{F31D040E-E214-405B-B235-0A65C485205A}.Debug|x86.ActiveCfg = Debug|Any CPU
		{F31D040E-E214-405B-B235-0A65C485205A}.Debug|x86.Build.0 = Debug|Any CPU
		{F31D040E-E214-405B-B235-0A65C485205A}.Release|Any CPU.ActiveCfg = Release|Any CPU
		{F31D040E-E214-405B-B235-0A65C485205A}.Release|Any CPU.Build.0 = Release|Any CPU
		{F31D040E-E214-405B-B235-0A65C485205A}.Release|x64.ActiveCfg = Release|Any CPU
		{F31D040E-E214-405B-B235-0A65C485205A}.Release|x64.Build.0 = Release|Any CPU
		{F31D040E-E214-405B-B235-0A65C485205A}.Release|x86.ActiveCfg = Release|Any CPU
		{F31D040E-E214-405B-B235-0A65C485205A}.Release|x86.Build.0 = Release|Any CPU
		{920DB2DC-DDB2-45FD-8A02-0E0CCE94D4D8}.Debug|Any CPU.ActiveCfg = Debug|Any CPU
		{920DB2DC-DDB2-45FD-8A02-0E0CCE94D4D8}.Debug|Any CPU.Build.0 = Debug|Any CPU
		{920DB2DC-DDB2-45FD-8A02-0E0CCE94D4D8}.Debug|x64.ActiveCfg = Debug|Any CPU
		{920DB2DC-DDB2-45FD-8A02-0E0CCE94D4D8}.Debug|x64.Build.0 = Debug|Any CPU
		{920DB2DC-DDB2-45FD-8A02-0E0CCE94D4D8}.Debug|x86.ActiveCfg = Debug|Any CPU
		{920DB2DC-DDB2-45FD-8A02-0E0CCE94D4D8}.Debug|x86.Build.0 = Debug|Any CPU
		{920DB2DC-DDB2-45FD-8A02-0E0CCE94D4D8}.Release|Any CPU.ActiveCfg = Release|Any CPU
		{920DB2DC-DDB2-45FD-8A02-0E0CCE94D4D8}.Release|Any CPU.Build.0 = Release|Any CPU
		{920DB2DC-DDB2-45FD-8A02-0E0CCE94D4D8}.Release|x64.ActiveCfg = Release|Any CPU
		{920DB2DC-DDB2-45FD-8A02-0E0CCE94D4D8}.Release|x64.Build.0 = Release|Any CPU
		{920DB2DC-DDB2-45FD-8A02-0E0CCE94D4D8}.Release|x86.ActiveCfg = Release|Any CPU
		{920DB2DC-DDB2-45FD-8A02-0E0CCE94D4D8}.Release|x86.Build.0 = Release|Any CPU
		{08FA1FB7-EAB9-4154-B75A-6F42CF1B8D82}.Debug|Any CPU.ActiveCfg = Debug|Any CPU
		{08FA1FB7-EAB9-4154-B75A-6F42CF1B8D82}.Debug|Any CPU.Build.0 = Debug|Any CPU
		{08FA1FB7-EAB9-4154-B75A-6F42CF1B8D82}.Debug|x64.ActiveCfg = Debug|Any CPU
		{08FA1FB7-EAB9-4154-B75A-6F42CF1B8D82}.Debug|x64.Build.0 = Debug|Any CPU
		{08FA1FB7-EAB9-4154-B75A-6F42CF1B8D82}.Debug|x86.ActiveCfg = Debug|Any CPU
		{08FA1FB7-EAB9-4154-B75A-6F42CF1B8D82}.Debug|x86.Build.0 = Debug|Any CPU
		{08FA1FB7-EAB9-4154-B75A-6F42CF1B8D82}.Release|Any CPU.ActiveCfg = Release|Any CPU
		{08FA1FB7-EAB9-4154-B75A-6F42CF1B8D82}.Release|Any CPU.Build.0 = Release|Any CPU
		{08FA1FB7-EAB9-4154-B75A-6F42CF1B8D82}.Release|x64.ActiveCfg = Release|Any CPU
		{08FA1FB7-EAB9-4154-B75A-6F42CF1B8D82}.Release|x64.Build.0 = Release|Any CPU
		{08FA1FB7-EAB9-4154-B75A-6F42CF1B8D82}.Release|x86.ActiveCfg = Release|Any CPU
		{08FA1FB7-EAB9-4154-B75A-6F42CF1B8D82}.Release|x86.Build.0 = Release|Any CPU
		{26370D58-3ECE-4D1F-9740-37AD65BB3598}.Debug|Any CPU.ActiveCfg = Debug|Any CPU
		{26370D58-3ECE-4D1F-9740-37AD65BB3598}.Debug|Any CPU.Build.0 = Debug|Any CPU
		{26370D58-3ECE-4D1F-9740-37AD65BB3598}.Debug|x64.ActiveCfg = Debug|Any CPU
		{26370D58-3ECE-4D1F-9740-37AD65BB3598}.Debug|x64.Build.0 = Debug|Any CPU
		{26370D58-3ECE-4D1F-9740-37AD65BB3598}.Debug|x86.ActiveCfg = Debug|Any CPU
		{26370D58-3ECE-4D1F-9740-37AD65BB3598}.Debug|x86.Build.0 = Debug|Any CPU
		{26370D58-3ECE-4D1F-9740-37AD65BB3598}.Release|Any CPU.ActiveCfg = Release|Any CPU
		{26370D58-3ECE-4D1F-9740-37AD65BB3598}.Release|Any CPU.Build.0 = Release|Any CPU
		{26370D58-3ECE-4D1F-9740-37AD65BB3598}.Release|x64.ActiveCfg = Release|Any CPU
		{26370D58-3ECE-4D1F-9740-37AD65BB3598}.Release|x64.Build.0 = Release|Any CPU
		{26370D58-3ECE-4D1F-9740-37AD65BB3598}.Release|x86.ActiveCfg = Release|Any CPU
		{26370D58-3ECE-4D1F-9740-37AD65BB3598}.Release|x86.Build.0 = Release|Any CPU
		{A0334C0F-77B6-4137-8CD0-D919DC056D53}.Debug|Any CPU.ActiveCfg = Debug|Any CPU
		{A0334C0F-77B6-4137-8CD0-D919DC056D53}.Debug|Any CPU.Build.0 = Debug|Any CPU
		{A0334C0F-77B6-4137-8CD0-D919DC056D53}.Debug|x64.ActiveCfg = Debug|Any CPU
		{A0334C0F-77B6-4137-8CD0-D919DC056D53}.Debug|x64.Build.0 = Debug|Any CPU
		{A0334C0F-77B6-4137-8CD0-D919DC056D53}.Debug|x86.ActiveCfg = Debug|Any CPU
		{A0334C0F-77B6-4137-8CD0-D919DC056D53}.Debug|x86.Build.0 = Debug|Any CPU
		{A0334C0F-77B6-4137-8CD0-D919DC056D53}.Release|Any CPU.ActiveCfg = Release|Any CPU
		{A0334C0F-77B6-4137-8CD0-D919DC056D53}.Release|Any CPU.Build.0 = Release|Any CPU
		{A0334C0F-77B6-4137-8CD0-D919DC056D53}.Release|x64.ActiveCfg = Release|Any CPU
		{A0334C0F-77B6-4137-8CD0-D919DC056D53}.Release|x64.Build.0 = Release|Any CPU
		{A0334C0F-77B6-4137-8CD0-D919DC056D53}.Release|x86.ActiveCfg = Release|Any CPU
		{A0334C0F-77B6-4137-8CD0-D919DC056D53}.Release|x86.Build.0 = Release|Any CPU
	EndGlobalSection
	GlobalSection(SolutionProperties) = preSolution
		HideSolutionNode = FALSE
	EndGlobalSection
	GlobalSection(ExtensibilityGlobals) = postSolution
		SolutionGuid = {8EFC1B12-4B51-451A-8051-FBA2C799FE5D}
	EndGlobalSection
EndGlobal
