
Microsoft Visual Studio Solution File, Format Version 12.00
# Visual Studio Version 17
VisualStudioVersion = 17.1.32210.238
MinimumVisualStudioVersion = 15.0.26124.0
Project("{2150E333-8FDC-42A3-9474-1A3956D46DE8}") = "RepoNotes", "RepoNotes", "{CA588846-ED19-4936-959C-D6BA7B9C05F8}"
	ProjectSection(SolutionItems) = preProject
		..\.gitignore = ..\.gitignore
		RepoNotes\GlobalUsing.KX13.cs = RepoNotes\GlobalUsing.KX13.cs
		RepoNotes\_ViewImports.KX13.cshtml = RepoNotes\_ViewImports.KX13.cshtml
	EndProjectSection
EndProject
Project("{9A19103F-16F7-4668-BE54-9A1E7A4F7556}") = "Site.Models", "MVC\Site.Models\Site.Models.csproj", "{C327E680-D537-4F89-8174-390F365FC27B}"
EndProject
Project("{9A19103F-16F7-4668-BE54-9A1E7A4F7556}") = "Site.Library", "MVC\Site.Library\Site.Library.csproj", "{EFB2B7BF-5F6D-4539-9908-D4F6443A823C}"
EndProject
Project("{9A19103F-16F7-4668-BE54-9A1E7A4F7556}") = "XperienceModels", "XperienceModels\XperienceModels.csproj", "{F31D040E-E214-405B-B235-0A65C485205A}"
EndProject
Project("{9A19103F-16F7-4668-BE54-9A1E7A4F7556}") = "Site.Components", "MVC\Site.Components\Site.Components.csproj", "{920DB2DC-DDB2-45FD-8A02-0E0CCE94D4D8}"
EndProject
Project("{9A19103F-16F7-4668-BE54-9A1E7A4F7556}") = "Site.UniversalModels", "Site.UniversalModels\Site.UniversalModels.csproj", "{08FA1FB7-EAB9-4154-B75A-6F42CF1B8D82}"
EndProject
Project("{9A19103F-16F7-4668-BE54-9A1E7A4F7556}") = "MVC", "MVC\MVC\MVC.csproj", "{26370D58-3ECE-4D1F-9740-37AD65BB3598}"
EndProject
Project("{9A19103F-16F7-4668-BE54-9A1E7A4F7556}") = "XperienceAdmin", "Admin\XperienceAdmin\XperienceAdmin.csproj", "{A0334C0F-77B6-4137-8CD0-D919DC056D53}"
EndProject
Project("{9A19103F-16F7-4668-BE54-9A1E7A4F7556}") = "Core.RCL.Xperience", "..\..\src\Core\Core.RCL.Xperience\Core.RCL.Xperience.csproj", "{3FE99210-184A-479B-8407-AA4D743429A6}"
EndProject
Project("{9A19103F-16F7-4668-BE54-9A1E7A4F7556}") = "Core.Library", "..\..\src\Core\Core.Library\Core.Library.csproj", "{65BA59DD-EB41-46F5-8777-B573EA8C8810}"
EndProject
Project("{9A19103F-16F7-4668-BE54-9A1E7A4F7556}") = "Core.Library.Xperience", "..\..\src\Core\Core.Library.Xperience\Core.Library.Xperience.csproj", "{A2B3011E-F60B-4DAB-8AFA-2CC64E3AB9D8}"
EndProject
Project("{9A19103F-16F7-4668-BE54-9A1E7A4F7556}") = "Core.Models", "..\..\src\Core\Core.Models\Core.Models.csproj", "{A9E3D9EB-A341-4532-8A46-F5E8DD3BD80D}"
EndProject
Project("{9A19103F-16F7-4668-BE54-9A1E7A4F7556}") = "Core.RCL", "..\..\src\Core\Core.RCL\Core.RCL.csproj", "{79BEECF1-5C97-45BB-B0F2-D02B2A9C9802}"
EndProject
Project("{9A19103F-16F7-4668-BE54-9A1E7A4F7556}") = "Core.XperienceModels.Xperience", "..\..\src\Core\Core.XperienceModels.Xperience\Core.XperienceModels.Xperience.csproj", "{2248BB91-CEF6-4DD7-8AFC-EB1A217C553E}"
EndProject
Project("{2150E333-8FDC-42A3-9474-1A3956D46DE8}") = "Baseline", "Baseline", "{E73FD825-D98D-430F-B766-A26F1A7B67EC}"
EndProject
Project("{2150E333-8FDC-42A3-9474-1A3956D46DE8}") = "Core", "Core", "{22414294-F41D-409F-9548-56DFAA6EB390}"
EndProject
Project("{2150E333-8FDC-42A3-9474-1A3956D46DE8}") = "RelationshipsExtended", "RelationshipsExtended", "{801FF696-C196-422B-BD39-9F2907E4BC7E}"
EndProject
Project("{9A19103F-16F7-4668-BE54-9A1E7A4F7556}") = "XperienceCommunity.RelationshipsExtended.Web.Admin", "..\..\..\KenticoRepositories\XperienceCommunity.RelationshipsExtended\src\XperienceCommunity.RelationshipsExtended.Admin\XperienceCommunity.RelationshipsExtended.Web.Admin.csproj", "{84E85E37-5841-4678-A92C-71454CF56E08}"
EndProject
Project("{9A19103F-16F7-4668-BE54-9A1E7A4F7556}") = "XperienceCommunity.RelationshipsExtended.Core", "..\..\..\KenticoRepositories\XperienceCommunity.RelationshipsExtended\src\XperienceCommunity.RelationshipsExtended.Core\XperienceCommunity.RelationshipsExtended.Core.csproj", "{83C3D36B-D8BF-4F07-92D7-6F946342C6C3}"
EndProject
Project("{2150E333-8FDC-42A3-9474-1A3956D46DE8}") = "Navigation", "Navigation", "{DE1B1245-6DB6-4A49-A650-67C195AF301F}"
EndProject
Project("{9A19103F-16F7-4668-BE54-9A1E7A4F7556}") = "Navigation.Models", "..\..\src\Navigation\Navigation.Models\Navigation.Models.csproj", "{5F6E8E88-A0D1-4B25-BA7F-56A5171ADAD2}"
EndProject
Project("{9A19103F-16F7-4668-BE54-9A1E7A4F7556}") = "Navigation.Library", "..\..\src\Navigation\Navigation.Library\Navigation.Library.csproj", "{AB3C4976-C0AF-4D99-8461-1AB4694D85B6}"
EndProject
Project("{9A19103F-16F7-4668-BE54-9A1E7A4F7556}") = "Navigation.RCL", "..\..\src\Navigation\Navigation.RCL\Navigation.RCL.csproj", "{61D6468E-9A00-4BD5-96A7-78DCAD94F2C3}"
EndProject
Project("{9A19103F-16F7-4668-BE54-9A1E7A4F7556}") = "Navigation.XperienceModels.Xperience", "..\..\src\Navigation\Navigation.XperienceModels.Xperience\Navigation.XperienceModels.Xperience.csproj", "{E204CC60-0077-45FE-A41C-7819991A38E9}"
EndProject
Project("{9A19103F-16F7-4668-BE54-9A1E7A4F7556}") = "Navigation.Library.Xperience", "..\..\src\Navigation\Navigation.Library.Xperience\Navigation.Library.Xperience.csproj", "{7FCA7B50-E00F-452C-9392-0F1BA68EFB57}"
EndProject
Project("{2150E333-8FDC-42A3-9474-1A3956D46DE8}") = "XperienceQueryExtensions", "XperienceQueryExtensions", "{37F8D7FC-3F17-4909-8E0F-CE9D5E036324}"
EndProject
Project("{9A19103F-16F7-4668-BE54-9A1E7A4F7556}") = "XperienceCommunity.QueryExtensions", "..\..\..\KenticoRepositories\xperience-query-extensions\src\XperienceCommunity.DevTools.QueryExtensions\XperienceCommunity.QueryExtensions.csproj", "{4A251F65-A737-473D-B8FF-ECB7290E22E5}"
EndProject
Project("{2150E333-8FDC-42A3-9474-1A3956D46DE8}") = "Account", "Account", "{406C6599-8BCE-4730-8D2C-C54DFB5B7E2D}"
EndProject
Project("{9A19103F-16F7-4668-BE54-9A1E7A4F7556}") = "Account.Models", "..\..\src\Account\Account.Models\Account.Models.csproj", "{42BBF199-D176-416D-8D47-B4AD35EFB7A9}"
EndProject
Project("{9A19103F-16F7-4668-BE54-9A1E7A4F7556}") = "Account.Library", "..\..\src\Account\Account.Library\Account.Library.csproj", "{C5A0E526-A9A9-41FA-B89D-A704CD549D89}"
EndProject
Project("{9A19103F-16F7-4668-BE54-9A1E7A4F7556}") = "Account.RCL", "..\..\src\Account\Account.RCL\Account.RCL.csproj", "{A37424F7-C3B0-4302-848D-35D62A93F433}"
EndProject
Project("{9A19103F-16F7-4668-BE54-9A1E7A4F7556}") = "Account.Library.Xperience", "..\..\src\Account\Account.Library.Xperience\Account.Library.Xperience.csproj", "{EE2EA8A0-6BE1-41E2-A949-7CCD06A961BB}"
EndProject
Project("{9A19103F-16F7-4668-BE54-9A1E7A4F7556}") = "Account.RCL.Xperience", "..\..\src\Account\Account.RCL.Xperience\Account.RCL.Xperience.csproj", "{0A2D39E2-5B0C-4764-A233-5B394C5CC628}"
EndProject
Project("{9A19103F-16F7-4668-BE54-9A1E7A4F7556}") = "Account.XperienceModels.Xperience", "..\..\src\Account\Account.XperienceModels.Xperience\Account.XperienceModels.Xperience.csproj", "{8ED7F00F-AB35-433B-ABD2-A2E2101A2A56}"
EndProject
Project("{9A19103F-16F7-4668-BE54-9A1E7A4F7556}") = "Core.Admin.Xperience", "..\..\src\Core\Core.Admin.Xperience\Core.Admin.Xperience.csproj", "{37A513F4-B579-40D2-9F12-E018629072A5}"
EndProject
Project("{9A19103F-16F7-4668-BE54-9A1E7A4F7556}") = "XperienceCommunity.MemberRoles", "..\..\..\KenticoRepositories\XperienceCommunity.MemberRoles\src\XperienceCommunity.MemberRoles\XperienceCommunity.MemberRoles.csproj", "{5A61B8D7-D1EF-49DA-BA77-8980DAA9DFCA}"
EndProject
Project("{9A19103F-16F7-4668-BE54-9A1E7A4F7556}") = "XperienceCommunity.MemberRoles.Core", "..\..\..\KenticoRepositories\XperienceCommunity.MemberRoles\src\XperienceCommunity.MemberRoles.Core\XperienceCommunity.MemberRoles.Core.csproj", "{5D072FC7-CC5C-4777-A2DF-996DF887B87B}"
EndProject
Project("{2150E333-8FDC-42A3-9474-1A3956D46DE8}") = "MemberRoles", "MemberRoles", "{333B8876-B831-4B01-AD6B-4EBC392D9B8B}"
EndProject
Project("{9A19103F-16F7-4668-BE54-9A1E7A4F7556}") = "XperienceCommunity.MemberRoles.Admin", "..\..\..\KenticoRepositories\XperienceCommunity.MemberRoles\src\XperienceCommunity.MemberRoles.Admin\XperienceCommunity.MemberRoles.Admin.csproj", "{0996B688-0040-4782-9128-F8454702BF5F}"
EndProject
Project("{9A19103F-16F7-4668-BE54-9A1E7A4F7556}") = "Account.Admin.Xperience", "..\..\src\Account\Account.Admin.Xperience\Account.Admin.Xperience.csproj", "{4EC6FE90-C9A9-4CD3-AD68-E752ED8D8004}"
EndProject
Project("{2150E333-8FDC-42A3-9474-1A3956D46DE8}") = "Authorization", "Authorization", "{57527FAB-3DB3-47B6-B9E8-B0EA71326821}"
EndProject
Project("{9A19103F-16F7-4668-BE54-9A1E7A4F7556}") = "XperienceCommunity.Authorization", "..\..\..\KenticoRepositories\XperienceCommunity.Authorization\src\XbyK\XperienceCommunity.Authorization\XperienceCommunity.Authorization.csproj", "{2EA0090F-04E2-4C62-B624-0C8AF861AFED}"
EndProject
Project("{9A19103F-16F7-4668-BE54-9A1E7A4F7556}") = "XperienceCommunity.Authorization.Admin", "..\..\..\KenticoRepositories\XperienceCommunity.Authorization\src\XbyK\XperienceCommunity.Authorization.Admin\XperienceCommunity.Authorization.Admin.csproj", "{37FBEAA6-999D-4844-A86A-3E48F1F181AF}"
EndProject
Project("{FAE04EC0-301F-11D3-BF4B-00C04F79EFBC}") = "Navigation.RCL.Xperience", "..\..\src\Navigation\Navigation.RCL.Xperience\Navigation.RCL.Xperience.csproj", "{4C3005BA-F3BC-4038-B34A-C547936653D4}"
EndProject
Project("{FAE04EC0-301F-11D3-BF4B-00C04F79EFBC}") = "Navigation.Admin.Xperience", "..\..\src\Navigation\Navigation.Admin.Xperience\Navigation.Admin.Xperience.csproj", "{DF306EAB-B9F0-4034-8DFE-481E7D0E8D89}"
EndProject
Global
	GlobalSection(SolutionConfigurationPlatforms) = preSolution
		Debug|Any CPU = Debug|Any CPU
		Debug|x64 = Debug|x64
		Debug|x86 = Debug|x86
		Release|Any CPU = Release|Any CPU
		Release|x64 = Release|x64
		Release|x86 = Release|x86
	EndGlobalSection
	GlobalSection(ProjectConfigurationPlatforms) = postSolution
		{C327E680-D537-4F89-8174-390F365FC27B}.Debug|Any CPU.ActiveCfg = Debug|Any CPU
		{C327E680-D537-4F89-8174-390F365FC27B}.Debug|Any CPU.Build.0 = Debug|Any CPU
		{C327E680-D537-4F89-8174-390F365FC27B}.Debug|x64.ActiveCfg = Debug|Any CPU
		{C327E680-D537-4F89-8174-390F365FC27B}.Debug|x64.Build.0 = Debug|Any CPU
		{C327E680-D537-4F89-8174-390F365FC27B}.Debug|x86.ActiveCfg = Debug|Any CPU
		{C327E680-D537-4F89-8174-390F365FC27B}.Debug|x86.Build.0 = Debug|Any CPU
		{C327E680-D537-4F89-8174-390F365FC27B}.Release|Any CPU.ActiveCfg = Release|Any CPU
		{C327E680-D537-4F89-8174-390F365FC27B}.Release|Any CPU.Build.0 = Release|Any CPU
		{C327E680-D537-4F89-8174-390F365FC27B}.Release|x64.ActiveCfg = Release|Any CPU
		{C327E680-D537-4F89-8174-390F365FC27B}.Release|x64.Build.0 = Release|Any CPU
		{C327E680-D537-4F89-8174-390F365FC27B}.Release|x86.ActiveCfg = Release|Any CPU
		{C327E680-D537-4F89-8174-390F365FC27B}.Release|x86.Build.0 = Release|Any CPU
		{EFB2B7BF-5F6D-4539-9908-D4F6443A823C}.Debug|Any CPU.ActiveCfg = Debug|Any CPU
		{EFB2B7BF-5F6D-4539-9908-D4F6443A823C}.Debug|Any CPU.Build.0 = Debug|Any CPU
		{EFB2B7BF-5F6D-4539-9908-D4F6443A823C}.Debug|x64.ActiveCfg = Debug|Any CPU
		{EFB2B7BF-5F6D-4539-9908-D4F6443A823C}.Debug|x64.Build.0 = Debug|Any CPU
		{EFB2B7BF-5F6D-4539-9908-D4F6443A823C}.Debug|x86.ActiveCfg = Debug|Any CPU
		{EFB2B7BF-5F6D-4539-9908-D4F6443A823C}.Debug|x86.Build.0 = Debug|Any CPU
		{EFB2B7BF-5F6D-4539-9908-D4F6443A823C}.Release|Any CPU.ActiveCfg = Release|Any CPU
		{EFB2B7BF-5F6D-4539-9908-D4F6443A823C}.Release|Any CPU.Build.0 = Release|Any CPU
		{EFB2B7BF-5F6D-4539-9908-D4F6443A823C}.Release|x64.ActiveCfg = Release|Any CPU
		{EFB2B7BF-5F6D-4539-9908-D4F6443A823C}.Release|x64.Build.0 = Release|Any CPU
		{EFB2B7BF-5F6D-4539-9908-D4F6443A823C}.Release|x86.ActiveCfg = Release|Any CPU
		{EFB2B7BF-5F6D-4539-9908-D4F6443A823C}.Release|x86.Build.0 = Release|Any CPU
		{F31D040E-E214-405B-B235-0A65C485205A}.Debug|Any CPU.ActiveCfg = Debug|Any CPU
		{F31D040E-E214-405B-B235-0A65C485205A}.Debug|Any CPU.Build.0 = Debug|Any CPU
		{F31D040E-E214-405B-B235-0A65C485205A}.Debug|x64.ActiveCfg = Debug|Any CPU
		{F31D040E-E214-405B-B235-0A65C485205A}.Debug|x64.Build.0 = Debug|Any CPU
		{F31D040E-E214-405B-B235-0A65C485205A}.Debug|x86.ActiveCfg = Debug|Any CPU
		{F31D040E-E214-405B-B235-0A65C485205A}.Debug|x86.Build.0 = Debug|Any CPU
		{F31D040E-E214-405B-B235-0A65C485205A}.Release|Any CPU.ActiveCfg = Release|Any CPU
		{F31D040E-E214-405B-B235-0A65C485205A}.Release|Any CPU.Build.0 = Release|Any CPU
		{F31D040E-E214-405B-B235-0A65C485205A}.Release|x64.ActiveCfg = Release|Any CPU
		{F31D040E-E214-405B-B235-0A65C485205A}.Release|x64.Build.0 = Release|Any CPU
		{F31D040E-E214-405B-B235-0A65C485205A}.Release|x86.ActiveCfg = Release|Any CPU
		{F31D040E-E214-405B-B235-0A65C485205A}.Release|x86.Build.0 = Release|Any CPU
		{920DB2DC-DDB2-45FD-8A02-0E0CCE94D4D8}.Debug|Any CPU.ActiveCfg = Debug|Any CPU
		{920DB2DC-DDB2-45FD-8A02-0E0CCE94D4D8}.Debug|Any CPU.Build.0 = Debug|Any CPU
		{920DB2DC-DDB2-45FD-8A02-0E0CCE94D4D8}.Debug|x64.ActiveCfg = Debug|Any CPU
		{920DB2DC-DDB2-45FD-8A02-0E0CCE94D4D8}.Debug|x64.Build.0 = Debug|Any CPU
		{920DB2DC-DDB2-45FD-8A02-0E0CCE94D4D8}.Debug|x86.ActiveCfg = Debug|Any CPU
		{920DB2DC-DDB2-45FD-8A02-0E0CCE94D4D8}.Debug|x86.Build.0 = Debug|Any CPU
		{920DB2DC-DDB2-45FD-8A02-0E0CCE94D4D8}.Release|Any CPU.ActiveCfg = Release|Any CPU
		{920DB2DC-DDB2-45FD-8A02-0E0CCE94D4D8}.Release|Any CPU.Build.0 = Release|Any CPU
		{920DB2DC-DDB2-45FD-8A02-0E0CCE94D4D8}.Release|x64.ActiveCfg = Release|Any CPU
		{920DB2DC-DDB2-45FD-8A02-0E0CCE94D4D8}.Release|x64.Build.0 = Release|Any CPU
		{920DB2DC-DDB2-45FD-8A02-0E0CCE94D4D8}.Release|x86.ActiveCfg = Release|Any CPU
		{920DB2DC-DDB2-45FD-8A02-0E0CCE94D4D8}.Release|x86.Build.0 = Release|Any CPU
		{08FA1FB7-EAB9-4154-B75A-6F42CF1B8D82}.Debug|Any CPU.ActiveCfg = Debug|Any CPU
		{08FA1FB7-EAB9-4154-B75A-6F42CF1B8D82}.Debug|Any CPU.Build.0 = Debug|Any CPU
		{08FA1FB7-EAB9-4154-B75A-6F42CF1B8D82}.Debug|x64.ActiveCfg = Debug|Any CPU
		{08FA1FB7-EAB9-4154-B75A-6F42CF1B8D82}.Debug|x64.Build.0 = Debug|Any CPU
		{08FA1FB7-EAB9-4154-B75A-6F42CF1B8D82}.Debug|x86.ActiveCfg = Debug|Any CPU
		{08FA1FB7-EAB9-4154-B75A-6F42CF1B8D82}.Debug|x86.Build.0 = Debug|Any CPU
		{08FA1FB7-EAB9-4154-B75A-6F42CF1B8D82}.Release|Any CPU.ActiveCfg = Release|Any CPU
		{08FA1FB7-EAB9-4154-B75A-6F42CF1B8D82}.Release|Any CPU.Build.0 = Release|Any CPU
		{08FA1FB7-EAB9-4154-B75A-6F42CF1B8D82}.Release|x64.ActiveCfg = Release|Any CPU
		{08FA1FB7-EAB9-4154-B75A-6F42CF1B8D82}.Release|x64.Build.0 = Release|Any CPU
		{08FA1FB7-EAB9-4154-B75A-6F42CF1B8D82}.Release|x86.ActiveCfg = Release|Any CPU
		{08FA1FB7-EAB9-4154-B75A-6F42CF1B8D82}.Release|x86.Build.0 = Release|Any CPU
		{26370D58-3ECE-4D1F-9740-37AD65BB3598}.Debug|Any CPU.ActiveCfg = Debug|Any CPU
		{26370D58-3ECE-4D1F-9740-37AD65BB3598}.Debug|Any CPU.Build.0 = Debug|Any CPU
		{26370D58-3ECE-4D1F-9740-37AD65BB3598}.Debug|x64.ActiveCfg = Debug|Any CPU
		{26370D58-3ECE-4D1F-9740-37AD65BB3598}.Debug|x64.Build.0 = Debug|Any CPU
		{26370D58-3ECE-4D1F-9740-37AD65BB3598}.Debug|x86.ActiveCfg = Debug|Any CPU
		{26370D58-3ECE-4D1F-9740-37AD65BB3598}.Debug|x86.Build.0 = Debug|Any CPU
		{26370D58-3ECE-4D1F-9740-37AD65BB3598}.Release|Any CPU.ActiveCfg = Release|Any CPU
		{26370D58-3ECE-4D1F-9740-37AD65BB3598}.Release|Any CPU.Build.0 = Release|Any CPU
		{26370D58-3ECE-4D1F-9740-37AD65BB3598}.Release|x64.ActiveCfg = Release|Any CPU
		{26370D58-3ECE-4D1F-9740-37AD65BB3598}.Release|x64.Build.0 = Release|Any CPU
		{26370D58-3ECE-4D1F-9740-37AD65BB3598}.Release|x86.ActiveCfg = Release|Any CPU
		{26370D58-3ECE-4D1F-9740-37AD65BB3598}.Release|x86.Build.0 = Release|Any CPU
		{A0334C0F-77B6-4137-8CD0-D919DC056D53}.Debug|Any CPU.ActiveCfg = Debug|Any CPU
		{A0334C0F-77B6-4137-8CD0-D919DC056D53}.Debug|Any CPU.Build.0 = Debug|Any CPU
		{A0334C0F-77B6-4137-8CD0-D919DC056D53}.Debug|x64.ActiveCfg = Debug|Any CPU
		{A0334C0F-77B6-4137-8CD0-D919DC056D53}.Debug|x64.Build.0 = Debug|Any CPU
		{A0334C0F-77B6-4137-8CD0-D919DC056D53}.Debug|x86.ActiveCfg = Debug|Any CPU
		{A0334C0F-77B6-4137-8CD0-D919DC056D53}.Debug|x86.Build.0 = Debug|Any CPU
		{A0334C0F-77B6-4137-8CD0-D919DC056D53}.Release|Any CPU.ActiveCfg = Release|Any CPU
		{A0334C0F-77B6-4137-8CD0-D919DC056D53}.Release|Any CPU.Build.0 = Release|Any CPU
		{A0334C0F-77B6-4137-8CD0-D919DC056D53}.Release|x64.ActiveCfg = Release|Any CPU
		{A0334C0F-77B6-4137-8CD0-D919DC056D53}.Release|x64.Build.0 = Release|Any CPU
		{A0334C0F-77B6-4137-8CD0-D919DC056D53}.Release|x86.ActiveCfg = Release|Any CPU
		{A0334C0F-77B6-4137-8CD0-D919DC056D53}.Release|x86.Build.0 = Release|Any CPU
		{3FE99210-184A-479B-8407-AA4D743429A6}.Debug|Any CPU.ActiveCfg = Debug|Any CPU
		{3FE99210-184A-479B-8407-AA4D743429A6}.Debug|Any CPU.Build.0 = Debug|Any CPU
		{3FE99210-184A-479B-8407-AA4D743429A6}.Debug|x64.ActiveCfg = Debug|Any CPU
		{3FE99210-184A-479B-8407-AA4D743429A6}.Debug|x64.Build.0 = Debug|Any CPU
		{3FE99210-184A-479B-8407-AA4D743429A6}.Debug|x86.ActiveCfg = Debug|Any CPU
		{3FE99210-184A-479B-8407-AA4D743429A6}.Debug|x86.Build.0 = Debug|Any CPU
		{3FE99210-184A-479B-8407-AA4D743429A6}.Release|Any CPU.ActiveCfg = Release|Any CPU
		{3FE99210-184A-479B-8407-AA4D743429A6}.Release|Any CPU.Build.0 = Release|Any CPU
		{3FE99210-184A-479B-8407-AA4D743429A6}.Release|x64.ActiveCfg = Release|Any CPU
		{3FE99210-184A-479B-8407-AA4D743429A6}.Release|x64.Build.0 = Release|Any CPU
		{3FE99210-184A-479B-8407-AA4D743429A6}.Release|x86.ActiveCfg = Release|Any CPU
		{3FE99210-184A-479B-8407-AA4D743429A6}.Release|x86.Build.0 = Release|Any CPU
		{65BA59DD-EB41-46F5-8777-B573EA8C8810}.Debug|Any CPU.ActiveCfg = Debug|Any CPU
		{65BA59DD-EB41-46F5-8777-B573EA8C8810}.Debug|Any CPU.Build.0 = Debug|Any CPU
		{65BA59DD-EB41-46F5-8777-B573EA8C8810}.Debug|x64.ActiveCfg = Debug|Any CPU
		{65BA59DD-EB41-46F5-8777-B573EA8C8810}.Debug|x64.Build.0 = Debug|Any CPU
		{65BA59DD-EB41-46F5-8777-B573EA8C8810}.Debug|x86.ActiveCfg = Debug|Any CPU
		{65BA59DD-EB41-46F5-8777-B573EA8C8810}.Debug|x86.Build.0 = Debug|Any CPU
		{65BA59DD-EB41-46F5-8777-B573EA8C8810}.Release|Any CPU.ActiveCfg = Release|Any CPU
		{65BA59DD-EB41-46F5-8777-B573EA8C8810}.Release|Any CPU.Build.0 = Release|Any CPU
		{65BA59DD-EB41-46F5-8777-B573EA8C8810}.Release|x64.ActiveCfg = Release|Any CPU
		{65BA59DD-EB41-46F5-8777-B573EA8C8810}.Release|x64.Build.0 = Release|Any CPU
		{65BA59DD-EB41-46F5-8777-B573EA8C8810}.Release|x86.ActiveCfg = Release|Any CPU
		{65BA59DD-EB41-46F5-8777-B573EA8C8810}.Release|x86.Build.0 = Release|Any CPU
		{A2B3011E-F60B-4DAB-8AFA-2CC64E3AB9D8}.Debug|Any CPU.ActiveCfg = Debug|Any CPU
		{A2B3011E-F60B-4DAB-8AFA-2CC64E3AB9D8}.Debug|Any CPU.Build.0 = Debug|Any CPU
		{A2B3011E-F60B-4DAB-8AFA-2CC64E3AB9D8}.Debug|x64.ActiveCfg = Debug|Any CPU
		{A2B3011E-F60B-4DAB-8AFA-2CC64E3AB9D8}.Debug|x64.Build.0 = Debug|Any CPU
		{A2B3011E-F60B-4DAB-8AFA-2CC64E3AB9D8}.Debug|x86.ActiveCfg = Debug|Any CPU
		{A2B3011E-F60B-4DAB-8AFA-2CC64E3AB9D8}.Debug|x86.Build.0 = Debug|Any CPU
		{A2B3011E-F60B-4DAB-8AFA-2CC64E3AB9D8}.Release|Any CPU.ActiveCfg = Release|Any CPU
		{A2B3011E-F60B-4DAB-8AFA-2CC64E3AB9D8}.Release|Any CPU.Build.0 = Release|Any CPU
		{A2B3011E-F60B-4DAB-8AFA-2CC64E3AB9D8}.Release|x64.ActiveCfg = Release|Any CPU
		{A2B3011E-F60B-4DAB-8AFA-2CC64E3AB9D8}.Release|x64.Build.0 = Release|Any CPU
		{A2B3011E-F60B-4DAB-8AFA-2CC64E3AB9D8}.Release|x86.ActiveCfg = Release|Any CPU
		{A2B3011E-F60B-4DAB-8AFA-2CC64E3AB9D8}.Release|x86.Build.0 = Release|Any CPU
		{A9E3D9EB-A341-4532-8A46-F5E8DD3BD80D}.Debug|Any CPU.ActiveCfg = Debug|Any CPU
		{A9E3D9EB-A341-4532-8A46-F5E8DD3BD80D}.Debug|Any CPU.Build.0 = Debug|Any CPU
		{A9E3D9EB-A341-4532-8A46-F5E8DD3BD80D}.Debug|x64.ActiveCfg = Debug|Any CPU
		{A9E3D9EB-A341-4532-8A46-F5E8DD3BD80D}.Debug|x64.Build.0 = Debug|Any CPU
		{A9E3D9EB-A341-4532-8A46-F5E8DD3BD80D}.Debug|x86.ActiveCfg = Debug|Any CPU
		{A9E3D9EB-A341-4532-8A46-F5E8DD3BD80D}.Debug|x86.Build.0 = Debug|Any CPU
		{A9E3D9EB-A341-4532-8A46-F5E8DD3BD80D}.Release|Any CPU.ActiveCfg = Release|Any CPU
		{A9E3D9EB-A341-4532-8A46-F5E8DD3BD80D}.Release|Any CPU.Build.0 = Release|Any CPU
		{A9E3D9EB-A341-4532-8A46-F5E8DD3BD80D}.Release|x64.ActiveCfg = Release|Any CPU
		{A9E3D9EB-A341-4532-8A46-F5E8DD3BD80D}.Release|x64.Build.0 = Release|Any CPU
		{A9E3D9EB-A341-4532-8A46-F5E8DD3BD80D}.Release|x86.ActiveCfg = Release|Any CPU
		{A9E3D9EB-A341-4532-8A46-F5E8DD3BD80D}.Release|x86.Build.0 = Release|Any CPU
		{79BEECF1-5C97-45BB-B0F2-D02B2A9C9802}.Debug|Any CPU.ActiveCfg = Debug|Any CPU
		{79BEECF1-5C97-45BB-B0F2-D02B2A9C9802}.Debug|Any CPU.Build.0 = Debug|Any CPU
		{79BEECF1-5C97-45BB-B0F2-D02B2A9C9802}.Debug|x64.ActiveCfg = Debug|Any CPU
		{79BEECF1-5C97-45BB-B0F2-D02B2A9C9802}.Debug|x64.Build.0 = Debug|Any CPU
		{79BEECF1-5C97-45BB-B0F2-D02B2A9C9802}.Debug|x86.ActiveCfg = Debug|Any CPU
		{79BEECF1-5C97-45BB-B0F2-D02B2A9C9802}.Debug|x86.Build.0 = Debug|Any CPU
		{79BEECF1-5C97-45BB-B0F2-D02B2A9C9802}.Release|Any CPU.ActiveCfg = Release|Any CPU
		{79BEECF1-5C97-45BB-B0F2-D02B2A9C9802}.Release|Any CPU.Build.0 = Release|Any CPU
		{79BEECF1-5C97-45BB-B0F2-D02B2A9C9802}.Release|x64.ActiveCfg = Release|Any CPU
		{79BEECF1-5C97-45BB-B0F2-D02B2A9C9802}.Release|x64.Build.0 = Release|Any CPU
		{79BEECF1-5C97-45BB-B0F2-D02B2A9C9802}.Release|x86.ActiveCfg = Release|Any CPU
		{79BEECF1-5C97-45BB-B0F2-D02B2A9C9802}.Release|x86.Build.0 = Release|Any CPU
		{2248BB91-CEF6-4DD7-8AFC-EB1A217C553E}.Debug|Any CPU.ActiveCfg = Debug|Any CPU
		{2248BB91-CEF6-4DD7-8AFC-EB1A217C553E}.Debug|Any CPU.Build.0 = Debug|Any CPU
		{2248BB91-CEF6-4DD7-8AFC-EB1A217C553E}.Debug|x64.ActiveCfg = Debug|Any CPU
		{2248BB91-CEF6-4DD7-8AFC-EB1A217C553E}.Debug|x64.Build.0 = Debug|Any CPU
		{2248BB91-CEF6-4DD7-8AFC-EB1A217C553E}.Debug|x86.ActiveCfg = Debug|Any CPU
		{2248BB91-CEF6-4DD7-8AFC-EB1A217C553E}.Debug|x86.Build.0 = Debug|Any CPU
		{2248BB91-CEF6-4DD7-8AFC-EB1A217C553E}.Release|Any CPU.ActiveCfg = Release|Any CPU
		{2248BB91-CEF6-4DD7-8AFC-EB1A217C553E}.Release|Any CPU.Build.0 = Release|Any CPU
		{2248BB91-CEF6-4DD7-8AFC-EB1A217C553E}.Release|x64.ActiveCfg = Release|Any CPU
		{2248BB91-CEF6-4DD7-8AFC-EB1A217C553E}.Release|x64.Build.0 = Release|Any CPU
		{2248BB91-CEF6-4DD7-8AFC-EB1A217C553E}.Release|x86.ActiveCfg = Release|Any CPU
		{2248BB91-CEF6-4DD7-8AFC-EB1A217C553E}.Release|x86.Build.0 = Release|Any CPU
		{84E85E37-5841-4678-A92C-71454CF56E08}.Debug|Any CPU.ActiveCfg = Debug|Any CPU
		{84E85E37-5841-4678-A92C-71454CF56E08}.Debug|Any CPU.Build.0 = Debug|Any CPU
		{84E85E37-5841-4678-A92C-71454CF56E08}.Debug|x64.ActiveCfg = Debug|Any CPU
		{84E85E37-5841-4678-A92C-71454CF56E08}.Debug|x64.Build.0 = Debug|Any CPU
		{84E85E37-5841-4678-A92C-71454CF56E08}.Debug|x86.ActiveCfg = Debug|Any CPU
		{84E85E37-5841-4678-A92C-71454CF56E08}.Debug|x86.Build.0 = Debug|Any CPU
		{84E85E37-5841-4678-A92C-71454CF56E08}.Release|Any CPU.ActiveCfg = Release|Any CPU
		{84E85E37-5841-4678-A92C-71454CF56E08}.Release|Any CPU.Build.0 = Release|Any CPU
		{84E85E37-5841-4678-A92C-71454CF56E08}.Release|x64.ActiveCfg = Release|Any CPU
		{84E85E37-5841-4678-A92C-71454CF56E08}.Release|x64.Build.0 = Release|Any CPU
		{84E85E37-5841-4678-A92C-71454CF56E08}.Release|x86.ActiveCfg = Release|Any CPU
		{84E85E37-5841-4678-A92C-71454CF56E08}.Release|x86.Build.0 = Release|Any CPU
		{83C3D36B-D8BF-4F07-92D7-6F946342C6C3}.Debug|Any CPU.ActiveCfg = Debug|Any CPU
		{83C3D36B-D8BF-4F07-92D7-6F946342C6C3}.Debug|Any CPU.Build.0 = Debug|Any CPU
		{83C3D36B-D8BF-4F07-92D7-6F946342C6C3}.Debug|x64.ActiveCfg = Debug|Any CPU
		{83C3D36B-D8BF-4F07-92D7-6F946342C6C3}.Debug|x64.Build.0 = Debug|Any CPU
		{83C3D36B-D8BF-4F07-92D7-6F946342C6C3}.Debug|x86.ActiveCfg = Debug|Any CPU
		{83C3D36B-D8BF-4F07-92D7-6F946342C6C3}.Debug|x86.Build.0 = Debug|Any CPU
		{83C3D36B-D8BF-4F07-92D7-6F946342C6C3}.Release|Any CPU.ActiveCfg = Release|Any CPU
		{83C3D36B-D8BF-4F07-92D7-6F946342C6C3}.Release|Any CPU.Build.0 = Release|Any CPU
		{83C3D36B-D8BF-4F07-92D7-6F946342C6C3}.Release|x64.ActiveCfg = Release|Any CPU
		{83C3D36B-D8BF-4F07-92D7-6F946342C6C3}.Release|x64.Build.0 = Release|Any CPU
		{83C3D36B-D8BF-4F07-92D7-6F946342C6C3}.Release|x86.ActiveCfg = Release|Any CPU
		{83C3D36B-D8BF-4F07-92D7-6F946342C6C3}.Release|x86.Build.0 = Release|Any CPU
		{5F6E8E88-A0D1-4B25-BA7F-56A5171ADAD2}.Debug|Any CPU.ActiveCfg = Debug|Any CPU
		{5F6E8E88-A0D1-4B25-BA7F-56A5171ADAD2}.Debug|Any CPU.Build.0 = Debug|Any CPU
		{5F6E8E88-A0D1-4B25-BA7F-56A5171ADAD2}.Debug|x64.ActiveCfg = Debug|Any CPU
		{5F6E8E88-A0D1-4B25-BA7F-56A5171ADAD2}.Debug|x64.Build.0 = Debug|Any CPU
		{5F6E8E88-A0D1-4B25-BA7F-56A5171ADAD2}.Debug|x86.ActiveCfg = Debug|Any CPU
		{5F6E8E88-A0D1-4B25-BA7F-56A5171ADAD2}.Debug|x86.Build.0 = Debug|Any CPU
		{5F6E8E88-A0D1-4B25-BA7F-56A5171ADAD2}.Release|Any CPU.ActiveCfg = Release|Any CPU
		{5F6E8E88-A0D1-4B25-BA7F-56A5171ADAD2}.Release|Any CPU.Build.0 = Release|Any CPU
		{5F6E8E88-A0D1-4B25-BA7F-56A5171ADAD2}.Release|x64.ActiveCfg = Release|Any CPU
		{5F6E8E88-A0D1-4B25-BA7F-56A5171ADAD2}.Release|x64.Build.0 = Release|Any CPU
		{5F6E8E88-A0D1-4B25-BA7F-56A5171ADAD2}.Release|x86.ActiveCfg = Release|Any CPU
		{5F6E8E88-A0D1-4B25-BA7F-56A5171ADAD2}.Release|x86.Build.0 = Release|Any CPU
		{AB3C4976-C0AF-4D99-8461-1AB4694D85B6}.Debug|Any CPU.ActiveCfg = Debug|Any CPU
		{AB3C4976-C0AF-4D99-8461-1AB4694D85B6}.Debug|Any CPU.Build.0 = Debug|Any CPU
		{AB3C4976-C0AF-4D99-8461-1AB4694D85B6}.Debug|x64.ActiveCfg = Debug|Any CPU
		{AB3C4976-C0AF-4D99-8461-1AB4694D85B6}.Debug|x64.Build.0 = Debug|Any CPU
		{AB3C4976-C0AF-4D99-8461-1AB4694D85B6}.Debug|x86.ActiveCfg = Debug|Any CPU
		{AB3C4976-C0AF-4D99-8461-1AB4694D85B6}.Debug|x86.Build.0 = Debug|Any CPU
		{AB3C4976-C0AF-4D99-8461-1AB4694D85B6}.Release|Any CPU.ActiveCfg = Release|Any CPU
		{AB3C4976-C0AF-4D99-8461-1AB4694D85B6}.Release|Any CPU.Build.0 = Release|Any CPU
		{AB3C4976-C0AF-4D99-8461-1AB4694D85B6}.Release|x64.ActiveCfg = Release|Any CPU
		{AB3C4976-C0AF-4D99-8461-1AB4694D85B6}.Release|x64.Build.0 = Release|Any CPU
		{AB3C4976-C0AF-4D99-8461-1AB4694D85B6}.Release|x86.ActiveCfg = Release|Any CPU
		{AB3C4976-C0AF-4D99-8461-1AB4694D85B6}.Release|x86.Build.0 = Release|Any CPU
		{61D6468E-9A00-4BD5-96A7-78DCAD94F2C3}.Debug|Any CPU.ActiveCfg = Debug|Any CPU
		{61D6468E-9A00-4BD5-96A7-78DCAD94F2C3}.Debug|Any CPU.Build.0 = Debug|Any CPU
		{61D6468E-9A00-4BD5-96A7-78DCAD94F2C3}.Debug|x64.ActiveCfg = Debug|Any CPU
		{61D6468E-9A00-4BD5-96A7-78DCAD94F2C3}.Debug|x64.Build.0 = Debug|Any CPU
		{61D6468E-9A00-4BD5-96A7-78DCAD94F2C3}.Debug|x86.ActiveCfg = Debug|Any CPU
		{61D6468E-9A00-4BD5-96A7-78DCAD94F2C3}.Debug|x86.Build.0 = Debug|Any CPU
		{61D6468E-9A00-4BD5-96A7-78DCAD94F2C3}.Release|Any CPU.ActiveCfg = Release|Any CPU
		{61D6468E-9A00-4BD5-96A7-78DCAD94F2C3}.Release|Any CPU.Build.0 = Release|Any CPU
		{61D6468E-9A00-4BD5-96A7-78DCAD94F2C3}.Release|x64.ActiveCfg = Release|Any CPU
		{61D6468E-9A00-4BD5-96A7-78DCAD94F2C3}.Release|x64.Build.0 = Release|Any CPU
		{61D6468E-9A00-4BD5-96A7-78DCAD94F2C3}.Release|x86.ActiveCfg = Release|Any CPU
		{61D6468E-9A00-4BD5-96A7-78DCAD94F2C3}.Release|x86.Build.0 = Release|Any CPU
		{E204CC60-0077-45FE-A41C-7819991A38E9}.Debug|Any CPU.ActiveCfg = Debug|Any CPU
		{E204CC60-0077-45FE-A41C-7819991A38E9}.Debug|Any CPU.Build.0 = Debug|Any CPU
		{E204CC60-0077-45FE-A41C-7819991A38E9}.Debug|x64.ActiveCfg = Debug|Any CPU
		{E204CC60-0077-45FE-A41C-7819991A38E9}.Debug|x64.Build.0 = Debug|Any CPU
		{E204CC60-0077-45FE-A41C-7819991A38E9}.Debug|x86.ActiveCfg = Debug|Any CPU
		{E204CC60-0077-45FE-A41C-7819991A38E9}.Debug|x86.Build.0 = Debug|Any CPU
		{E204CC60-0077-45FE-A41C-7819991A38E9}.Release|Any CPU.ActiveCfg = Release|Any CPU
		{E204CC60-0077-45FE-A41C-7819991A38E9}.Release|Any CPU.Build.0 = Release|Any CPU
		{E204CC60-0077-45FE-A41C-7819991A38E9}.Release|x64.ActiveCfg = Release|Any CPU
		{E204CC60-0077-45FE-A41C-7819991A38E9}.Release|x64.Build.0 = Release|Any CPU
		{E204CC60-0077-45FE-A41C-7819991A38E9}.Release|x86.ActiveCfg = Release|Any CPU
		{E204CC60-0077-45FE-A41C-7819991A38E9}.Release|x86.Build.0 = Release|Any CPU
		{7FCA7B50-E00F-452C-9392-0F1BA68EFB57}.Debug|Any CPU.ActiveCfg = Debug|Any CPU
		{7FCA7B50-E00F-452C-9392-0F1BA68EFB57}.Debug|Any CPU.Build.0 = Debug|Any CPU
		{7FCA7B50-E00F-452C-9392-0F1BA68EFB57}.Debug|x64.ActiveCfg = Debug|Any CPU
		{7FCA7B50-E00F-452C-9392-0F1BA68EFB57}.Debug|x64.Build.0 = Debug|Any CPU
		{7FCA7B50-E00F-452C-9392-0F1BA68EFB57}.Debug|x86.ActiveCfg = Debug|Any CPU
		{7FCA7B50-E00F-452C-9392-0F1BA68EFB57}.Debug|x86.Build.0 = Debug|Any CPU
		{7FCA7B50-E00F-452C-9392-0F1BA68EFB57}.Release|Any CPU.ActiveCfg = Release|Any CPU
		{7FCA7B50-E00F-452C-9392-0F1BA68EFB57}.Release|Any CPU.Build.0 = Release|Any CPU
		{7FCA7B50-E00F-452C-9392-0F1BA68EFB57}.Release|x64.ActiveCfg = Release|Any CPU
		{7FCA7B50-E00F-452C-9392-0F1BA68EFB57}.Release|x64.Build.0 = Release|Any CPU
		{7FCA7B50-E00F-452C-9392-0F1BA68EFB57}.Release|x86.ActiveCfg = Release|Any CPU
		{7FCA7B50-E00F-452C-9392-0F1BA68EFB57}.Release|x86.Build.0 = Release|Any CPU
		{4A251F65-A737-473D-B8FF-ECB7290E22E5}.Debug|Any CPU.ActiveCfg = Debug|Any CPU
		{4A251F65-A737-473D-B8FF-ECB7290E22E5}.Debug|Any CPU.Build.0 = Debug|Any CPU
		{4A251F65-A737-473D-B8FF-ECB7290E22E5}.Debug|x64.ActiveCfg = Debug|Any CPU
		{4A251F65-A737-473D-B8FF-ECB7290E22E5}.Debug|x64.Build.0 = Debug|Any CPU
		{4A251F65-A737-473D-B8FF-ECB7290E22E5}.Debug|x86.ActiveCfg = Debug|Any CPU
		{4A251F65-A737-473D-B8FF-ECB7290E22E5}.Debug|x86.Build.0 = Debug|Any CPU
		{4A251F65-A737-473D-B8FF-ECB7290E22E5}.Release|Any CPU.ActiveCfg = Release|Any CPU
		{4A251F65-A737-473D-B8FF-ECB7290E22E5}.Release|Any CPU.Build.0 = Release|Any CPU
		{4A251F65-A737-473D-B8FF-ECB7290E22E5}.Release|x64.ActiveCfg = Release|Any CPU
		{4A251F65-A737-473D-B8FF-ECB7290E22E5}.Release|x64.Build.0 = Release|Any CPU
		{4A251F65-A737-473D-B8FF-ECB7290E22E5}.Release|x86.ActiveCfg = Release|Any CPU
		{4A251F65-A737-473D-B8FF-ECB7290E22E5}.Release|x86.Build.0 = Release|Any CPU
		{42BBF199-D176-416D-8D47-B4AD35EFB7A9}.Debug|Any CPU.ActiveCfg = Debug|Any CPU
		{42BBF199-D176-416D-8D47-B4AD35EFB7A9}.Debug|Any CPU.Build.0 = Debug|Any CPU
		{42BBF199-D176-416D-8D47-B4AD35EFB7A9}.Debug|x64.ActiveCfg = Debug|Any CPU
		{42BBF199-D176-416D-8D47-B4AD35EFB7A9}.Debug|x64.Build.0 = Debug|Any CPU
		{42BBF199-D176-416D-8D47-B4AD35EFB7A9}.Debug|x86.ActiveCfg = Debug|Any CPU
		{42BBF199-D176-416D-8D47-B4AD35EFB7A9}.Debug|x86.Build.0 = Debug|Any CPU
		{42BBF199-D176-416D-8D47-B4AD35EFB7A9}.Release|Any CPU.ActiveCfg = Release|Any CPU
		{42BBF199-D176-416D-8D47-B4AD35EFB7A9}.Release|Any CPU.Build.0 = Release|Any CPU
		{42BBF199-D176-416D-8D47-B4AD35EFB7A9}.Release|x64.ActiveCfg = Release|Any CPU
		{42BBF199-D176-416D-8D47-B4AD35EFB7A9}.Release|x64.Build.0 = Release|Any CPU
		{42BBF199-D176-416D-8D47-B4AD35EFB7A9}.Release|x86.ActiveCfg = Release|Any CPU
		{42BBF199-D176-416D-8D47-B4AD35EFB7A9}.Release|x86.Build.0 = Release|Any CPU
		{C5A0E526-A9A9-41FA-B89D-A704CD549D89}.Debug|Any CPU.ActiveCfg = Debug|Any CPU
		{C5A0E526-A9A9-41FA-B89D-A704CD549D89}.Debug|Any CPU.Build.0 = Debug|Any CPU
		{C5A0E526-A9A9-41FA-B89D-A704CD549D89}.Debug|x64.ActiveCfg = Debug|Any CPU
		{C5A0E526-A9A9-41FA-B89D-A704CD549D89}.Debug|x64.Build.0 = Debug|Any CPU
		{C5A0E526-A9A9-41FA-B89D-A704CD549D89}.Debug|x86.ActiveCfg = Debug|Any CPU
		{C5A0E526-A9A9-41FA-B89D-A704CD549D89}.Debug|x86.Build.0 = Debug|Any CPU
		{C5A0E526-A9A9-41FA-B89D-A704CD549D89}.Release|Any CPU.ActiveCfg = Release|Any CPU
		{C5A0E526-A9A9-41FA-B89D-A704CD549D89}.Release|Any CPU.Build.0 = Release|Any CPU
		{C5A0E526-A9A9-41FA-B89D-A704CD549D89}.Release|x64.ActiveCfg = Release|Any CPU
		{C5A0E526-A9A9-41FA-B89D-A704CD549D89}.Release|x64.Build.0 = Release|Any CPU
		{C5A0E526-A9A9-41FA-B89D-A704CD549D89}.Release|x86.ActiveCfg = Release|Any CPU
		{C5A0E526-A9A9-41FA-B89D-A704CD549D89}.Release|x86.Build.0 = Release|Any CPU
		{A37424F7-C3B0-4302-848D-35D62A93F433}.Debug|Any CPU.ActiveCfg = Debug|Any CPU
		{A37424F7-C3B0-4302-848D-35D62A93F433}.Debug|Any CPU.Build.0 = Debug|Any CPU
		{A37424F7-C3B0-4302-848D-35D62A93F433}.Debug|x64.ActiveCfg = Debug|Any CPU
		{A37424F7-C3B0-4302-848D-35D62A93F433}.Debug|x64.Build.0 = Debug|Any CPU
		{A37424F7-C3B0-4302-848D-35D62A93F433}.Debug|x86.ActiveCfg = Debug|Any CPU
		{A37424F7-C3B0-4302-848D-35D62A93F433}.Debug|x86.Build.0 = Debug|Any CPU
		{A37424F7-C3B0-4302-848D-35D62A93F433}.Release|Any CPU.ActiveCfg = Release|Any CPU
		{A37424F7-C3B0-4302-848D-35D62A93F433}.Release|Any CPU.Build.0 = Release|Any CPU
		{A37424F7-C3B0-4302-848D-35D62A93F433}.Release|x64.ActiveCfg = Release|Any CPU
		{A37424F7-C3B0-4302-848D-35D62A93F433}.Release|x64.Build.0 = Release|Any CPU
		{A37424F7-C3B0-4302-848D-35D62A93F433}.Release|x86.ActiveCfg = Release|Any CPU
		{A37424F7-C3B0-4302-848D-35D62A93F433}.Release|x86.Build.0 = Release|Any CPU
		{EE2EA8A0-6BE1-41E2-A949-7CCD06A961BB}.Debug|Any CPU.ActiveCfg = Debug|Any CPU
		{EE2EA8A0-6BE1-41E2-A949-7CCD06A961BB}.Debug|Any CPU.Build.0 = Debug|Any CPU
		{EE2EA8A0-6BE1-41E2-A949-7CCD06A961BB}.Debug|x64.ActiveCfg = Debug|Any CPU
		{EE2EA8A0-6BE1-41E2-A949-7CCD06A961BB}.Debug|x64.Build.0 = Debug|Any CPU
		{EE2EA8A0-6BE1-41E2-A949-7CCD06A961BB}.Debug|x86.ActiveCfg = Debug|Any CPU
		{EE2EA8A0-6BE1-41E2-A949-7CCD06A961BB}.Debug|x86.Build.0 = Debug|Any CPU
		{EE2EA8A0-6BE1-41E2-A949-7CCD06A961BB}.Release|Any CPU.ActiveCfg = Release|Any CPU
		{EE2EA8A0-6BE1-41E2-A949-7CCD06A961BB}.Release|Any CPU.Build.0 = Release|Any CPU
		{EE2EA8A0-6BE1-41E2-A949-7CCD06A961BB}.Release|x64.ActiveCfg = Release|Any CPU
		{EE2EA8A0-6BE1-41E2-A949-7CCD06A961BB}.Release|x64.Build.0 = Release|Any CPU
		{EE2EA8A0-6BE1-41E2-A949-7CCD06A961BB}.Release|x86.ActiveCfg = Release|Any CPU
		{EE2EA8A0-6BE1-41E2-A949-7CCD06A961BB}.Release|x86.Build.0 = Release|Any CPU
		{0A2D39E2-5B0C-4764-A233-5B394C5CC628}.Debug|Any CPU.ActiveCfg = Debug|Any CPU
		{0A2D39E2-5B0C-4764-A233-5B394C5CC628}.Debug|Any CPU.Build.0 = Debug|Any CPU
		{0A2D39E2-5B0C-4764-A233-5B394C5CC628}.Debug|x64.ActiveCfg = Debug|Any CPU
		{0A2D39E2-5B0C-4764-A233-5B394C5CC628}.Debug|x64.Build.0 = Debug|Any CPU
		{0A2D39E2-5B0C-4764-A233-5B394C5CC628}.Debug|x86.ActiveCfg = Debug|Any CPU
		{0A2D39E2-5B0C-4764-A233-5B394C5CC628}.Debug|x86.Build.0 = Debug|Any CPU
		{0A2D39E2-5B0C-4764-A233-5B394C5CC628}.Release|Any CPU.ActiveCfg = Release|Any CPU
		{0A2D39E2-5B0C-4764-A233-5B394C5CC628}.Release|Any CPU.Build.0 = Release|Any CPU
		{0A2D39E2-5B0C-4764-A233-5B394C5CC628}.Release|x64.ActiveCfg = Release|Any CPU
		{0A2D39E2-5B0C-4764-A233-5B394C5CC628}.Release|x64.Build.0 = Release|Any CPU
		{0A2D39E2-5B0C-4764-A233-5B394C5CC628}.Release|x86.ActiveCfg = Release|Any CPU
		{0A2D39E2-5B0C-4764-A233-5B394C5CC628}.Release|x86.Build.0 = Release|Any CPU
		{8ED7F00F-AB35-433B-ABD2-A2E2101A2A56}.Debug|Any CPU.ActiveCfg = Debug|Any CPU
		{8ED7F00F-AB35-433B-ABD2-A2E2101A2A56}.Debug|Any CPU.Build.0 = Debug|Any CPU
		{8ED7F00F-AB35-433B-ABD2-A2E2101A2A56}.Debug|x64.ActiveCfg = Debug|Any CPU
		{8ED7F00F-AB35-433B-ABD2-A2E2101A2A56}.Debug|x64.Build.0 = Debug|Any CPU
		{8ED7F00F-AB35-433B-ABD2-A2E2101A2A56}.Debug|x86.ActiveCfg = Debug|Any CPU
		{8ED7F00F-AB35-433B-ABD2-A2E2101A2A56}.Debug|x86.Build.0 = Debug|Any CPU
		{8ED7F00F-AB35-433B-ABD2-A2E2101A2A56}.Release|Any CPU.ActiveCfg = Release|Any CPU
		{8ED7F00F-AB35-433B-ABD2-A2E2101A2A56}.Release|Any CPU.Build.0 = Release|Any CPU
		{8ED7F00F-AB35-433B-ABD2-A2E2101A2A56}.Release|x64.ActiveCfg = Release|Any CPU
		{8ED7F00F-AB35-433B-ABD2-A2E2101A2A56}.Release|x64.Build.0 = Release|Any CPU
		{8ED7F00F-AB35-433B-ABD2-A2E2101A2A56}.Release|x86.ActiveCfg = Release|Any CPU
		{8ED7F00F-AB35-433B-ABD2-A2E2101A2A56}.Release|x86.Build.0 = Release|Any CPU
		{37A513F4-B579-40D2-9F12-E018629072A5}.Debug|Any CPU.ActiveCfg = Debug|Any CPU
		{37A513F4-B579-40D2-9F12-E018629072A5}.Debug|Any CPU.Build.0 = Debug|Any CPU
		{37A513F4-B579-40D2-9F12-E018629072A5}.Debug|x64.ActiveCfg = Debug|Any CPU
		{37A513F4-B579-40D2-9F12-E018629072A5}.Debug|x64.Build.0 = Debug|Any CPU
		{37A513F4-B579-40D2-9F12-E018629072A5}.Debug|x86.ActiveCfg = Debug|Any CPU
		{37A513F4-B579-40D2-9F12-E018629072A5}.Debug|x86.Build.0 = Debug|Any CPU
		{37A513F4-B579-40D2-9F12-E018629072A5}.Release|Any CPU.ActiveCfg = Release|Any CPU
		{37A513F4-B579-40D2-9F12-E018629072A5}.Release|Any CPU.Build.0 = Release|Any CPU
		{37A513F4-B579-40D2-9F12-E018629072A5}.Release|x64.ActiveCfg = Release|Any CPU
		{37A513F4-B579-40D2-9F12-E018629072A5}.Release|x64.Build.0 = Release|Any CPU
		{37A513F4-B579-40D2-9F12-E018629072A5}.Release|x86.ActiveCfg = Release|Any CPU
		{37A513F4-B579-40D2-9F12-E018629072A5}.Release|x86.Build.0 = Release|Any CPU
		{5A61B8D7-D1EF-49DA-BA77-8980DAA9DFCA}.Debug|Any CPU.ActiveCfg = Debug|Any CPU
		{5A61B8D7-D1EF-49DA-BA77-8980DAA9DFCA}.Debug|Any CPU.Build.0 = Debug|Any CPU
		{5A61B8D7-D1EF-49DA-BA77-8980DAA9DFCA}.Debug|x64.ActiveCfg = Debug|Any CPU
		{5A61B8D7-D1EF-49DA-BA77-8980DAA9DFCA}.Debug|x64.Build.0 = Debug|Any CPU
		{5A61B8D7-D1EF-49DA-BA77-8980DAA9DFCA}.Debug|x86.ActiveCfg = Debug|Any CPU
		{5A61B8D7-D1EF-49DA-BA77-8980DAA9DFCA}.Debug|x86.Build.0 = Debug|Any CPU
		{5A61B8D7-D1EF-49DA-BA77-8980DAA9DFCA}.Release|Any CPU.ActiveCfg = Release|Any CPU
		{5A61B8D7-D1EF-49DA-BA77-8980DAA9DFCA}.Release|Any CPU.Build.0 = Release|Any CPU
		{5A61B8D7-D1EF-49DA-BA77-8980DAA9DFCA}.Release|x64.ActiveCfg = Release|Any CPU
		{5A61B8D7-D1EF-49DA-BA77-8980DAA9DFCA}.Release|x64.Build.0 = Release|Any CPU
		{5A61B8D7-D1EF-49DA-BA77-8980DAA9DFCA}.Release|x86.ActiveCfg = Release|Any CPU
		{5A61B8D7-D1EF-49DA-BA77-8980DAA9DFCA}.Release|x86.Build.0 = Release|Any CPU
		{5D072FC7-CC5C-4777-A2DF-996DF887B87B}.Debug|Any CPU.ActiveCfg = Debug|Any CPU
		{5D072FC7-CC5C-4777-A2DF-996DF887B87B}.Debug|Any CPU.Build.0 = Debug|Any CPU
		{5D072FC7-CC5C-4777-A2DF-996DF887B87B}.Debug|x64.ActiveCfg = Debug|Any CPU
		{5D072FC7-CC5C-4777-A2DF-996DF887B87B}.Debug|x64.Build.0 = Debug|Any CPU
		{5D072FC7-CC5C-4777-A2DF-996DF887B87B}.Debug|x86.ActiveCfg = Debug|Any CPU
		{5D072FC7-CC5C-4777-A2DF-996DF887B87B}.Debug|x86.Build.0 = Debug|Any CPU
		{5D072FC7-CC5C-4777-A2DF-996DF887B87B}.Release|Any CPU.ActiveCfg = Release|Any CPU
		{5D072FC7-CC5C-4777-A2DF-996DF887B87B}.Release|Any CPU.Build.0 = Release|Any CPU
		{5D072FC7-CC5C-4777-A2DF-996DF887B87B}.Release|x64.ActiveCfg = Release|Any CPU
		{5D072FC7-CC5C-4777-A2DF-996DF887B87B}.Release|x64.Build.0 = Release|Any CPU
		{5D072FC7-CC5C-4777-A2DF-996DF887B87B}.Release|x86.ActiveCfg = Release|Any CPU
		{5D072FC7-CC5C-4777-A2DF-996DF887B87B}.Release|x86.Build.0 = Release|Any CPU
		{0996B688-0040-4782-9128-F8454702BF5F}.Debug|Any CPU.ActiveCfg = Debug|Any CPU
		{0996B688-0040-4782-9128-F8454702BF5F}.Debug|Any CPU.Build.0 = Debug|Any CPU
		{0996B688-0040-4782-9128-F8454702BF5F}.Debug|x64.ActiveCfg = Debug|Any CPU
		{0996B688-0040-4782-9128-F8454702BF5F}.Debug|x64.Build.0 = Debug|Any CPU
		{0996B688-0040-4782-9128-F8454702BF5F}.Debug|x86.ActiveCfg = Debug|Any CPU
		{0996B688-0040-4782-9128-F8454702BF5F}.Debug|x86.Build.0 = Debug|Any CPU
		{0996B688-0040-4782-9128-F8454702BF5F}.Release|Any CPU.ActiveCfg = Release|Any CPU
		{0996B688-0040-4782-9128-F8454702BF5F}.Release|Any CPU.Build.0 = Release|Any CPU
		{0996B688-0040-4782-9128-F8454702BF5F}.Release|x64.ActiveCfg = Release|Any CPU
		{0996B688-0040-4782-9128-F8454702BF5F}.Release|x64.Build.0 = Release|Any CPU
		{0996B688-0040-4782-9128-F8454702BF5F}.Release|x86.ActiveCfg = Release|Any CPU
		{0996B688-0040-4782-9128-F8454702BF5F}.Release|x86.Build.0 = Release|Any CPU
		{4EC6FE90-C9A9-4CD3-AD68-E752ED8D8004}.Debug|Any CPU.ActiveCfg = Debug|Any CPU
		{4EC6FE90-C9A9-4CD3-AD68-E752ED8D8004}.Debug|Any CPU.Build.0 = Debug|Any CPU
		{4EC6FE90-C9A9-4CD3-AD68-E752ED8D8004}.Debug|x64.ActiveCfg = Debug|Any CPU
		{4EC6FE90-C9A9-4CD3-AD68-E752ED8D8004}.Debug|x64.Build.0 = Debug|Any CPU
		{4EC6FE90-C9A9-4CD3-AD68-E752ED8D8004}.Debug|x86.ActiveCfg = Debug|Any CPU
		{4EC6FE90-C9A9-4CD3-AD68-E752ED8D8004}.Debug|x86.Build.0 = Debug|Any CPU
		{4EC6FE90-C9A9-4CD3-AD68-E752ED8D8004}.Release|Any CPU.ActiveCfg = Release|Any CPU
		{4EC6FE90-C9A9-4CD3-AD68-E752ED8D8004}.Release|Any CPU.Build.0 = Release|Any CPU
		{4EC6FE90-C9A9-4CD3-AD68-E752ED8D8004}.Release|x64.ActiveCfg = Release|Any CPU
		{4EC6FE90-C9A9-4CD3-AD68-E752ED8D8004}.Release|x64.Build.0 = Release|Any CPU
		{4EC6FE90-C9A9-4CD3-AD68-E752ED8D8004}.Release|x86.ActiveCfg = Release|Any CPU
		{4EC6FE90-C9A9-4CD3-AD68-E752ED8D8004}.Release|x86.Build.0 = Release|Any CPU
		{2EA0090F-04E2-4C62-B624-0C8AF861AFED}.Debug|Any CPU.ActiveCfg = Debug|Any CPU
		{2EA0090F-04E2-4C62-B624-0C8AF861AFED}.Debug|Any CPU.Build.0 = Debug|Any CPU
		{2EA0090F-04E2-4C62-B624-0C8AF861AFED}.Debug|x64.ActiveCfg = Debug|Any CPU
		{2EA0090F-04E2-4C62-B624-0C8AF861AFED}.Debug|x64.Build.0 = Debug|Any CPU
		{2EA0090F-04E2-4C62-B624-0C8AF861AFED}.Debug|x86.ActiveCfg = Debug|Any CPU
		{2EA0090F-04E2-4C62-B624-0C8AF861AFED}.Debug|x86.Build.0 = Debug|Any CPU
		{2EA0090F-04E2-4C62-B624-0C8AF861AFED}.Release|Any CPU.ActiveCfg = Release|Any CPU
		{2EA0090F-04E2-4C62-B624-0C8AF861AFED}.Release|Any CPU.Build.0 = Release|Any CPU
		{2EA0090F-04E2-4C62-B624-0C8AF861AFED}.Release|x64.ActiveCfg = Release|Any CPU
		{2EA0090F-04E2-4C62-B624-0C8AF861AFED}.Release|x64.Build.0 = Release|Any CPU
		{2EA0090F-04E2-4C62-B624-0C8AF861AFED}.Release|x86.ActiveCfg = Release|Any CPU
		{2EA0090F-04E2-4C62-B624-0C8AF861AFED}.Release|x86.Build.0 = Release|Any CPU
		{37FBEAA6-999D-4844-A86A-3E48F1F181AF}.Debug|Any CPU.ActiveCfg = Debug|Any CPU
		{37FBEAA6-999D-4844-A86A-3E48F1F181AF}.Debug|Any CPU.Build.0 = Debug|Any CPU
		{37FBEAA6-999D-4844-A86A-3E48F1F181AF}.Debug|x64.ActiveCfg = Debug|Any CPU
		{37FBEAA6-999D-4844-A86A-3E48F1F181AF}.Debug|x64.Build.0 = Debug|Any CPU
		{37FBEAA6-999D-4844-A86A-3E48F1F181AF}.Debug|x86.ActiveCfg = Debug|Any CPU
		{37FBEAA6-999D-4844-A86A-3E48F1F181AF}.Debug|x86.Build.0 = Debug|Any CPU
		{37FBEAA6-999D-4844-A86A-3E48F1F181AF}.Release|Any CPU.ActiveCfg = Release|Any CPU
		{37FBEAA6-999D-4844-A86A-3E48F1F181AF}.Release|Any CPU.Build.0 = Release|Any CPU
		{37FBEAA6-999D-4844-A86A-3E48F1F181AF}.Release|x64.ActiveCfg = Release|Any CPU
		{37FBEAA6-999D-4844-A86A-3E48F1F181AF}.Release|x64.Build.0 = Release|Any CPU
		{37FBEAA6-999D-4844-A86A-3E48F1F181AF}.Release|x86.ActiveCfg = Release|Any CPU
		{37FBEAA6-999D-4844-A86A-3E48F1F181AF}.Release|x86.Build.0 = Release|Any CPU
		{4C3005BA-F3BC-4038-B34A-C547936653D4}.Debug|Any CPU.ActiveCfg = Debug|Any CPU
		{4C3005BA-F3BC-4038-B34A-C547936653D4}.Debug|Any CPU.Build.0 = Debug|Any CPU
		{4C3005BA-F3BC-4038-B34A-C547936653D4}.Debug|x64.ActiveCfg = Debug|Any CPU
		{4C3005BA-F3BC-4038-B34A-C547936653D4}.Debug|x64.Build.0 = Debug|Any CPU
		{4C3005BA-F3BC-4038-B34A-C547936653D4}.Debug|x86.ActiveCfg = Debug|Any CPU
		{4C3005BA-F3BC-4038-B34A-C547936653D4}.Debug|x86.Build.0 = Debug|Any CPU
		{4C3005BA-F3BC-4038-B34A-C547936653D4}.Release|Any CPU.ActiveCfg = Release|Any CPU
		{4C3005BA-F3BC-4038-B34A-C547936653D4}.Release|Any CPU.Build.0 = Release|Any CPU
		{4C3005BA-F3BC-4038-B34A-C547936653D4}.Release|x64.ActiveCfg = Release|Any CPU
		{4C3005BA-F3BC-4038-B34A-C547936653D4}.Release|x64.Build.0 = Release|Any CPU
		{4C3005BA-F3BC-4038-B34A-C547936653D4}.Release|x86.ActiveCfg = Release|Any CPU
		{4C3005BA-F3BC-4038-B34A-C547936653D4}.Release|x86.Build.0 = Release|Any CPU
		{DF306EAB-B9F0-4034-8DFE-481E7D0E8D89}.Debug|Any CPU.ActiveCfg = Debug|Any CPU
		{DF306EAB-B9F0-4034-8DFE-481E7D0E8D89}.Debug|Any CPU.Build.0 = Debug|Any CPU
		{DF306EAB-B9F0-4034-8DFE-481E7D0E8D89}.Debug|x64.ActiveCfg = Debug|Any CPU
		{DF306EAB-B9F0-4034-8DFE-481E7D0E8D89}.Debug|x64.Build.0 = Debug|Any CPU
		{DF306EAB-B9F0-4034-8DFE-481E7D0E8D89}.Debug|x86.ActiveCfg = Debug|Any CPU
		{DF306EAB-B9F0-4034-8DFE-481E7D0E8D89}.Debug|x86.Build.0 = Debug|Any CPU
		{DF306EAB-B9F0-4034-8DFE-481E7D0E8D89}.Release|Any CPU.ActiveCfg = Release|Any CPU
		{DF306EAB-B9F0-4034-8DFE-481E7D0E8D89}.Release|Any CPU.Build.0 = Release|Any CPU
		{DF306EAB-B9F0-4034-8DFE-481E7D0E8D89}.Release|x64.ActiveCfg = Release|Any CPU
		{DF306EAB-B9F0-4034-8DFE-481E7D0E8D89}.Release|x64.Build.0 = Release|Any CPU
		{DF306EAB-B9F0-4034-8DFE-481E7D0E8D89}.Release|x86.ActiveCfg = Release|Any CPU
		{DF306EAB-B9F0-4034-8DFE-481E7D0E8D89}.Release|x86.Build.0 = Release|Any CPU
	EndGlobalSection
	GlobalSection(SolutionProperties) = preSolution
		HideSolutionNode = FALSE
	EndGlobalSection
	GlobalSection(NestedProjects) = preSolution
		{3FE99210-184A-479B-8407-AA4D743429A6} = {22414294-F41D-409F-9548-56DFAA6EB390}
		{65BA59DD-EB41-46F5-8777-B573EA8C8810} = {22414294-F41D-409F-9548-56DFAA6EB390}
		{A2B3011E-F60B-4DAB-8AFA-2CC64E3AB9D8} = {22414294-F41D-409F-9548-56DFAA6EB390}
		{A9E3D9EB-A341-4532-8A46-F5E8DD3BD80D} = {22414294-F41D-409F-9548-56DFAA6EB390}
		{79BEECF1-5C97-45BB-B0F2-D02B2A9C9802} = {22414294-F41D-409F-9548-56DFAA6EB390}
		{2248BB91-CEF6-4DD7-8AFC-EB1A217C553E} = {22414294-F41D-409F-9548-56DFAA6EB390}
		{22414294-F41D-409F-9548-56DFAA6EB390} = {E73FD825-D98D-430F-B766-A26F1A7B67EC}
		{84E85E37-5841-4678-A92C-71454CF56E08} = {801FF696-C196-422B-BD39-9F2907E4BC7E}
		{83C3D36B-D8BF-4F07-92D7-6F946342C6C3} = {801FF696-C196-422B-BD39-9F2907E4BC7E}
		{DE1B1245-6DB6-4A49-A650-67C195AF301F} = {E73FD825-D98D-430F-B766-A26F1A7B67EC}
		{5F6E8E88-A0D1-4B25-BA7F-56A5171ADAD2} = {DE1B1245-6DB6-4A49-A650-67C195AF301F}
		{AB3C4976-C0AF-4D99-8461-1AB4694D85B6} = {DE1B1245-6DB6-4A49-A650-67C195AF301F}
		{61D6468E-9A00-4BD5-96A7-78DCAD94F2C3} = {DE1B1245-6DB6-4A49-A650-67C195AF301F}
		{E204CC60-0077-45FE-A41C-7819991A38E9} = {DE1B1245-6DB6-4A49-A650-67C195AF301F}
		{7FCA7B50-E00F-452C-9392-0F1BA68EFB57} = {DE1B1245-6DB6-4A49-A650-67C195AF301F}
		{4A251F65-A737-473D-B8FF-ECB7290E22E5} = {37F8D7FC-3F17-4909-8E0F-CE9D5E036324}
		{406C6599-8BCE-4730-8D2C-C54DFB5B7E2D} = {E73FD825-D98D-430F-B766-A26F1A7B67EC}
		{42BBF199-D176-416D-8D47-B4AD35EFB7A9} = {406C6599-8BCE-4730-8D2C-C54DFB5B7E2D}
		{C5A0E526-A9A9-41FA-B89D-A704CD549D89} = {406C6599-8BCE-4730-8D2C-C54DFB5B7E2D}
		{A37424F7-C3B0-4302-848D-35D62A93F433} = {406C6599-8BCE-4730-8D2C-C54DFB5B7E2D}
		{EE2EA8A0-6BE1-41E2-A949-7CCD06A961BB} = {406C6599-8BCE-4730-8D2C-C54DFB5B7E2D}
		{0A2D39E2-5B0C-4764-A233-5B394C5CC628} = {406C6599-8BCE-4730-8D2C-C54DFB5B7E2D}
		{8ED7F00F-AB35-433B-ABD2-A2E2101A2A56} = {406C6599-8BCE-4730-8D2C-C54DFB5B7E2D}
		{37A513F4-B579-40D2-9F12-E018629072A5} = {22414294-F41D-409F-9548-56DFAA6EB390}
		{5A61B8D7-D1EF-49DA-BA77-8980DAA9DFCA} = {333B8876-B831-4B01-AD6B-4EBC392D9B8B}
		{5D072FC7-CC5C-4777-A2DF-996DF887B87B} = {333B8876-B831-4B01-AD6B-4EBC392D9B8B}
		{0996B688-0040-4782-9128-F8454702BF5F} = {333B8876-B831-4B01-AD6B-4EBC392D9B8B}
		{4EC6FE90-C9A9-4CD3-AD68-E752ED8D8004} = {406C6599-8BCE-4730-8D2C-C54DFB5B7E2D}
		{2EA0090F-04E2-4C62-B624-0C8AF861AFED} = {57527FAB-3DB3-47B6-B9E8-B0EA71326821}
		{37FBEAA6-999D-4844-A86A-3E48F1F181AF} = {57527FAB-3DB3-47B6-B9E8-B0EA71326821}
		{4C3005BA-F3BC-4038-B34A-C547936653D4} = {DE1B1245-6DB6-4A49-A650-67C195AF301F}
		{DF306EAB-B9F0-4034-8DFE-481E7D0E8D89} = {DE1B1245-6DB6-4A49-A650-67C195AF301F}
	EndGlobalSection
	GlobalSection(ExtensibilityGlobals) = postSolution
		SolutionGuid = {8EFC1B12-4B51-451A-8051-FBA2C799FE5D}
	EndGlobalSection
EndGlobal
