
Microsoft Visual Studio Solution File, Format Version 12.00
# Visual Studio Version 17
VisualStudioVersion = 17.5.002.0
MinimumVisualStudioVersion = 10.0.40219.1
Project("{9A19103F-16F7-4668-BE54-9A1E7A4F7556}") = "XperienceModels", "XperienceModels.csproj", "{A265621D-5942-4371-B5BD-E3E02594C3BD}"
EndProject
Global
	GlobalSection(SolutionConfigurationPlatforms) = preSolution
		Debug|Any CPU = Debug|Any CPU
		Release|Any CPU = Release|Any CPU
	EndGlobalSection
	GlobalSection(ProjectConfigurationPlatforms) = postSolution
		{A265621D-5942-4371-B5BD-E3E02594C3BD}.Debug|Any CPU.ActiveCfg = Debug|Any CPU
		{A265621D-5942-4371-B5BD-E3E02594C3BD}.Debug|Any CPU.Build.0 = Debug|Any CPU
		{A265621D-5942-4371-B5BD-E3E02594C3BD}.Release|Any CPU.ActiveCfg = Release|Any CPU
		{A265621D-5942-4371-B5BD-E3E02594C3BD}.Release|Any CPU.Build.0 = Release|Any CPU
	EndGlobalSection
	GlobalSection(SolutionProperties) = preSolution
		HideSolutionNode = FALSE
	EndGlobalSection
	GlobalSection(ExtensibilityGlobals) = postSolution
		SolutionGuid = {B6E94A4B-5804-40D6-BCD1-53DBF7798EA2}
	EndGlobalSection
EndGlobal
