Microsoft Visual Studio Solution File, Format Version 12.00
# Visual Studio Version 17
VisualStudioVersion = 17.5.2.0
MinimumVisualStudioVersion = 10.0.40219.1
Project("{FAE04EC0-301F-11D3-BF4B-00C04F79EFBC}") = "XperienceAdmin", "XperienceAdmin.csproj", "{20DE1D46-B711-8705-3FFC-3B60883F3D14}"
EndProject
Global
	GlobalSection(SolutionConfigurationPlatforms) = preSolution
		Debug|Any CPU = Debug|Any CPU
		Release|Any CPU = Release|Any CPU
	EndGlobalSection
	GlobalSection(ProjectConfigurationPlatforms) = postSolution
		{20DE1D46-B711-8705-3FFC-3B60883F3D14}.Debug|Any CPU.ActiveCfg = Debug|Any CPU
		{20DE1D46-B711-8705-3FFC-3B60883F3D14}.Debug|Any CPU.Build.0 = Debug|Any CPU
		{20DE1D46-B711-8705-3FFC-3B60883F3D14}.Release|Any CPU.ActiveCfg = Release|Any CPU
		{20DE1D46-B711-8705-3FFC-3B60883F3D14}.Release|Any CPU.Build.0 = Release|Any CPU
	EndGlobalSection
	GlobalSection(SolutionProperties) = preSolution
		HideSolutionNode = FALSE
	EndGlobalSection
	GlobalSection(ExtensibilityGlobals) = postSolution
		SolutionGuid = {F60B8E13-FC62-4BA5-9793-D226B6EB6AF4}
	EndGlobalSection
EndGlobal
